
Microsoft Visual Studio Solution File, Format Version 12.00
# Visual Studio Version 16
VisualStudioVersion = 16.0.30128.74
MinimumVisualStudioVersion = 10.0.40219.1
Project("{FAE04EC0-301F-11D3-BF4B-00C04F79EFBC}") = "Loja.UI", "Loja\Loja.UI.csproj", "{C049D278-026F-4151-A966-98EC68264DBF}"
EndProject
Project("{FAE04EC0-301F-11D3-BF4B-00C04F79EFBC}") = "Loja.BLL", "Loja.BLL\Loja.BLL.csproj", "{FBA8128D-17BD-48C8-B1C9-146683D4F1B0}"
EndProject
Project("{FAE04EC0-301F-11D3-BF4B-00C04F79EFBC}") = "Loja.DTO", "Loja.DTO\Loja.DTO.csproj", "{E860034B-FEF2-4A1D-9708-9AC36A906D74}"
EndProject
Project("{FAE04EC0-301F-11D3-BF4B-00C04F79EFBC}") = "Loja.DAO", "Loja.DAL\Loja.DAO.csproj", "{C325AC6F-3E80-42A8-983C-DEEA73B87FDB}"
EndProject
Global
	GlobalSection(SolutionConfigurationPlatforms) = preSolution
		Debug|Any CPU = Debug|Any CPU
		Release|Any CPU = Release|Any CPU
	EndGlobalSection
	GlobalSection(ProjectConfigurationPlatforms) = postSolution
		{C049D278-026F-4151-A966-98EC68264DBF}.Debug|Any CPU.ActiveCfg = Debug|Any CPU
		{C049D278-026F-4151-A966-98EC68264DBF}.Debug|Any CPU.Build.0 = Debug|Any CPU
		{C049D278-026F-4151-A966-98EC68264DBF}.Release|Any CPU.ActiveCfg = Release|Any CPU
		{C049D278-026F-4151-A966-98EC68264DBF}.Release|Any CPU.Build.0 = Release|Any CPU
		{FBA8128D-17BD-48C8-B1C9-146683D4F1B0}.Debug|Any CPU.ActiveCfg = Debug|Any CPU
		{FBA8128D-17BD-48C8-B1C9-146683D4F1B0}.Debug|Any CPU.Build.0 = Debug|Any CPU
		{FBA8128D-17BD-48C8-B1C9-146683D4F1B0}.Release|Any CPU.ActiveCfg = Release|Any CPU
		{FBA8128D-17BD-48C8-B1C9-146683D4F1B0}.Release|Any CPU.Build.0 = Release|Any CPU
		{E860034B-FEF2-4A1D-9708-9AC36A906D74}.Debug|Any CPU.ActiveCfg = Debug|Any CPU
		{E860034B-FEF2-4A1D-9708-9AC36A906D74}.Debug|Any CPU.Build.0 = Debug|Any CPU
		{E860034B-FEF2-4A1D-9708-9AC36A906D74}.Release|Any CPU.ActiveCfg = Release|Any CPU
		{E860034B-FEF2-4A1D-9708-9AC36A906D74}.Release|Any CPU.Build.0 = Release|Any CPU
		{C325AC6F-3E80-42A8-983C-DEEA73B87FDB}.Debug|Any CPU.ActiveCfg = Debug|Any CPU
		{C325AC6F-3E80-42A8-983C-DEEA73B87FDB}.Debug|Any CPU.Build.0 = Debug|Any CPU
		{C325AC6F-3E80-42A8-983C-DEEA73B87FDB}.Release|Any CPU.ActiveCfg = Release|Any CPU
		{C325AC6F-3E80-42A8-983C-DEEA73B87FDB}.Release|Any CPU.Build.0 = Release|Any CPU
	EndGlobalSection
	GlobalSection(SolutionProperties) = preSolution
		HideSolutionNode = FALSE
	EndGlobalSection
	GlobalSection(ExtensibilityGlobals) = postSolution
		SolutionGuid = {E08CC40E-41EB-4ED5-81A2-B2CF8877F33E}
	EndGlobalSection
EndGlobal
